# This file was autogenerated by Stack.
# You should not edit this file by hand.
# For more information, please see the documentation at:
#   https://docs.haskellstack.org/en/stable/lock_files

packages:
- completed:
    hackage: happstack-server-7.5.4@sha256:ec4e33c543da50806cb1af1009a72b65aec96dbb710d95a2174480f84d5202d5,6407
    pantry-tree:
      size: 3201
      sha256: 724cacc11a75d1f6d2de8cccf948f345ad6acaaa7f5bd135da1e63bc419a3e05
  original:
    hackage: happstack-server-7.5.4@sha256:ec4e33c543da50806cb1af1009a72b65aec96dbb710d95a2174480f84d5202d5,6407
snapshots:
- completed:
    size: 524996
    url: https://raw.githubusercontent.com/commercialhaskell/stackage-snapshots/master/lts/14/27.yaml
    sha256: 7ea31a280c56bf36ff591a7397cc384d0dff622e7f9e4225b47d8980f019a0f0
  original: lts-14.27
